// !$*UTF8*$!
{
	archiveVersion = 1;
	classes = {
	};
	objectVersion = 46;
	objects = {

/* Begin PBXBuildFile section */
		48533A821CFC32340034951C /* main.m in Sources */ = {isa = PBXBuildFile; fileRef = 48533A811CFC32340034951C /* main.m */; };
		48533A851CFC32340034951C /* AppDelegate.m in Sources */ = {isa = PBXBuildFile; fileRef = 48533A841CFC32340034951C /* AppDelegate.m */; };
		48533A881CFC32340034951C /* ViewController.m in Sources */ = {isa = PBXBuildFile; fileRef = 48533A871CFC32340034951C /* ViewController.m */; };
		48533A8D1CFC32340034951C /* Assets.xcassets in Resources */ = {isa = PBXBuildFile; fileRef = 48533A8C1CFC32340034951C /* Assets.xcassets */; };
		48533A901CFC32340034951C /* LaunchScreen.storyboard in Resources */ = {isa = PBXBuildFile; fileRef = 48533A8E1CFC32340034951C /* LaunchScreen.storyboard */; };
/* End PBXBuildFile section */

/* Begin PBXFileReference section */
		48533A7D1CFC32340034951C /* LCShowAllFont.app */ = {isa = PBXFileReference; explicitFileType = wrapper.application; includeInIndex = 0; path = LCShowAllFont.app; sourceTree = BUILT_PRODUCTS_DIR; };
		48533A811CFC32340034951C /* main.m */ = {isa = PBXFileReference; lastKnownFileType = sourcecode.c.objc; path = main.m; sourceTree = "<group>"; };
		48533A831CFC32340034951C /* AppDelegate.h */ = {isa = PBXFileReference; lastKnownFileType = sourcecode.c.h; path = AppDelegate.h; sourceTree = "<group>"; };
		48533A841CFC32340034951C /* AppDelegate.m */ = {isa = PBXFileReference; lastKnownFileType = sourcecode.c.objc; path = AppDelegate.m; sourceTree = "<group>"; };
		48533A861CFC32340034951C /* ViewController.h */ = {isa = PBXFileReference; lastKnownFileType = sourcecode.c.h; path = ViewController.h; sourceTree = "<group>"; };
		48533A871CFC32340034951C /* ViewController.m */ = {isa = PBXFileReference; lastKnownFileType = sourcecode.c.objc; path = ViewController.m; sourceTree = "<group>"; };
		48533A8C1CFC32340034951C /* Assets.xcassets */ = {isa = PBXFileReference; lastKnownFileType = folder.assetcatalog; path = Assets.xcassets; sourceTree = "<group>"; };
		48533A8F1CFC32340034951C /* Base */ = {isa = PBXFileReference; lastKnownFileType = file.storyboard; name = Base; path = Base.lproj/LaunchScreen.storyboard; sourceTree = "<group>"; };
		48533A911CFC32340034951C /* Info.plist */ = {isa = PBXFileReference; lastKnownFileType = text.plist.xml; path = Info.plist; sourceTree = "<group>"; };
/* End PBXFileReference section */

/* Begin PBXFrameworksBuildPhase section */
		48533A7A1CFC32340034951C /* Frameworks */ = {
			isa = PBXFrameworksBuildPhase;
			buildActionMask = 2147483647;
			files = (
			);
			runOnlyForDeploymentPostprocessing = 0;
		};
/* End PBXFrameworksBuildPhase section */

/* Begin PBXGroup section */
		48533A741CFC32340034951C = {
			isa = PBXGroup;
			children = (
				48533A7F1CFC32340034951C /* LCShowAllFont */,
				48533A7E1CFC32340034951C /* Products */,
			);
			sourceTree = "<group>";
		};
		48533A7E1CFC32340034951C /* Products */ = {
			isa = PBXGroup;
			children = (
				48533A7D1CFC32340034951C /* LCShowAllFont.app */,
			);
			name = Products;
			sourceTree = "<group>";
		};
		48533A7F1CFC32340034951C /* LCShowAllFont */ = {
			isa = PBXGroup;
			children = (
				48533A831CFC32340034951C /* AppDelegate.h */,
				48533A841CFC32340034951C /* AppDelegate.m */,
				48533A861CFC32340034951C /* ViewController.h */,
				48533A871CFC32340034951C /* ViewController.m */,
				48533A8C1CFC32340034951C /* Assets.xcassets */,
				48533A8E1CFC32340034951C /* LaunchScreen.storyboard */,
				48533A911CFC32340034951C /* Info.plist */,
				48533A801CFC32340034951C /* Supporting Files */,
			);
			path = LCShowAllFont;
			sourceTree = "<group>";
		};
		48533A801CFC32340034951C /* Supporting Files */ = {
			isa = PBXGroup;
			children = (
				48533A811CFC32340034951C /* main.m */,
			);
			name = "Supporting Files";
			sourceTree = "<group>";
		};
/* End PBXGroup section */

/* Begin PBXNativeTarget section */
		48533A7C1CFC32340034951C /* LCShowAllFont */ = {
			isa = PBXNativeTarget;
			buildConfigurationList = 48533A941CFC32340034951C /* Build configuration list for PBXNativeTarget "LCShowAllFont" */;
			buildPhases = (
				48533A791CFC32340034951C /* Sources */,
				48533A7A1CFC32340034951C /* Frameworks */,
				48533A7B1CFC32340034951C /* Resources */,
			);
			buildRules = (
			);
			dependencies = (
			);
			name = LCShowAllFont;
			productName = LCShowAllFont;
			productReference = 48533A7D1CFC32340034951C /* LCShowAllFont.app */;
			productType = "com.apple.product-type.application";
		};
/* End PBXNativeTarget section */

/* Begin PBXProject section */
		48533A751CFC32340034951C /* Project object */ = {
			isa = PBXProject;
			attributes = {
				LastUpgradeCheck = 0730;
				ORGANIZATIONNAME = luanchen;
				TargetAttributes = {
					48533A7C1CFC32340034951C = {
						CreatedOnToolsVersion = 7.3.1;
					};
				};
			};
			buildConfigurationList = 48533A781CFC32340034951C /* Build configuration list for PBXProject "LCShowAllFont" */;
			compatibilityVersion = "Xcode 3.2";
			developmentRegion = English;
			hasScannedForEncodings = 0;
			knownRegions = (
				en,
				Base,
			);
			mainGroup = 48533A741CFC32340034951C;
			productRefGroup = 48533A7E1CFC32340034951C /* Products */;
			projectDirPath = "";
			projectRoot = "";
			targets = (
				48533A7C1CFC32340034951C /* LCShowAllFont */,
			);
		};
/* End PBXProject section */

/* Begin PBXResourcesBuildPhase section */
		48533A7B1CFC32340034951C /* Resources */ = {
			isa = PBXResourcesBuildPhase;
			buildActionMask = 2147483647;
			files = (
				48533A901CFC32340034951C /* LaunchScreen.storyboard in Resources */,
				48533A8D1CFC32340034951C /* Assets.xcassets in Resources */,
			);
			runOnlyForDeploymentPostprocessing = 0;
		};
/* End PBXResourcesBuildPhase section */

/* Begin PBXSourcesBuildPhase section */
		48533A791CFC32340034951C /* Sources */ = {
			isa = PBXSourcesBuildPhase;
			buildActionMask = 2147483647;
			files = (
				48533A881CFC32340034951C /* ViewController.m in Sources */,
				48533A851CFC32340034951C /* AppDelegate.m in Sources */,
				48533A821CFC32340034951C /* main.m in Sources */,
			);
			runOnlyForDeploymentPostprocessing = 0;
		};
/* End PBXSourcesBuildPhase section */

/* Begin PBXVariantGroup section */
		48533A8E1CFC32340034951C /* LaunchScreen.storyboard */ = {
			isa = PBXVariantGroup;
			children = (
				48533A8F1CFC32340034951C /* Base */,
			);
			name = LaunchScreen.storyboard;
			sourceTree = "<group>";
		};
/* End PBXVariantGroup section */

/* Begin XCBuildConfiguration section */
		48533A921CFC32340034951C /* Debug */ = {
			isa = XCBuildConfiguration;
			buildSettings = {
				ALWAYS_SEARCH_USER_PATHS = NO;
				CLANG_ANALYZER_NONNULL = YES;
				CLANG_CXX_LANGUAGE_STANDARD = "gnu++0x";
				CLANG_CXX_LIBRARY = "libc++";
				CLANG_ENABLE_MODULES = YES;
				CLANG_ENABLE_OBJC_ARC = YES;
				CLANG_WARN_BOOL_CONVERSION = YES;
				CLANG_WARN_CONSTANT_CONVERSION = YES;
				CLANG_WARN_DIRECT_OBJC_ISA_USAGE = YES_ERROR;
				CLANG_WARN_EMPTY_BODY = YES;
				CLANG_WARN_ENUM_CONVERSION = YES;
				CLANG_WARN_INT_CONVERSION = YES;
				CLANG_WARN_OBJC_ROOT_CLASS = YES_ERROR;
				CLANG_WARN_UNREACHABLE_CODE = YES;
				CLANG_WARN__DUPLICATE_METHOD_MATCH = YES;
				"CODE_SIGN_IDENTITY[sdk=iphoneos*]" = "iPhone Developer";
				COPY_PHASE_STRIP = NO;
				DEBUG_INFORMATION_FORMAT = dwarf;
				ENABLE_STRICT_OBJC_MSGSEND = YES;
				ENABLE_TESTABILITY = YES;
				GCC_C_LANGUAGE_STANDARD = gnu99;
				GCC_DYNAMIC_NO_PIC = NO;
				GCC_NO_COMMON_BLOCKS = YES;
				GCC_OPTIMIZATION_LEVEL = 0;
				GCC_PREPROCESSOR_DEFINITIONS = (
					"DEBUG=1",
					"$(inherited)",
				);
				GCC_WARN_64_TO_32_BIT_CONVERSION = YES;
				GCC_WARN_ABOUT_RETURN_TYPE = YES_ERROR;
				GCC_WARN_UNDECLARED_SELECTOR = YES;
				GCC_WARN_UNINITIALIZED_AUTOS = YES_AGGRESSIVE;
				GCC_WARN_UNUSED_FUNCTION = YES;
				GCC_WARN_UNUSED_VARIABLE = YES;
				IPHONEOS_DEPLOYMENT_TARGET = 9.3;
				MTL_ENABLE_DEBUG_INFO = YES;
				ONLY_ACTIVE_ARCH = YES;
				SDKROOT = iphoneos;
				TARGETED_DEVICE_FAMILY = "1,2";
			};
			name = Debug;
		};
		48533A931CFC32340034951C /* Release */ = {
			isa = XCBuildConfiguration;
			buildSettings = {
				ALWAYS_SEARCH_USER_PATHS = NO;
				CLANG_ANALYZER_NONNULL = YES;
				CLANG_CXX_LANGUAGE_STANDARD = "gnu++0x";
				CLANG_CXX_LIBRARY = "libc++";
				CLANG_ENABLE_MODULES = YES;
				CLANG_ENABLE_OBJC_ARC = YES;
				CLANG_WARN_BOOL_CONVERSION = YES;
				CLANG_WARN_CONSTANT_CONVERSION = YES;
				CLANG_WARN_DIRECT_OBJC_ISA_USAGE = YES_ERROR;
				CLANG_WARN_EMPTY_BODY = YES;
				CLANG_WARN_ENUM_CONVERSION = YES;
				CLANG_WARN_INT_CONVERSION = YES;
				CLANG_WARN_OBJC_ROOT_CLASS = YES_ERROR;
				CLANG_WARN_UNREACHABLE_CODE = YES;
				CLANG_WARN__DUPLICATE_METHOD_MATCH = YES;
				"CODE_SIGN_IDENTITY[sdk=iphoneos*]" = "iPhone Developer";
				COPY_PHASE_STRIP = NO;
				DEBUG_INFORMATION_FORMAT = "dwarf-with-dsym";
				ENABLE_NS_ASSERTIONS = NO;
				ENABLE_STRICT_OBJC_MSGSEND = YES;
				GCC_C_LANGUAGE_STANDARD = gnu99;
				GCC_NO_COMMON_BLOCKS = YES;
				GCC_WARN_64_TO_32_BIT_CONVERSION = YES;
				GCC_WARN_ABOUT_RETURN_TYPE = YES_ERROR;
				GCC_WARN_UNDECLARED_SELECTOR = YES;
				GCC_WARN_UNINITIALIZED_AUTOS = YES_AGGRESSIVE;
				GCC_WARN_UNUSED_FUNCTION = YES;
				GCC_WARN_UNUSED_VARIABLE = YES;
				IPHONEOS_DEPLOYMENT_TARGET = 9.3;
				MTL_ENABLE_DEBUG_INFO = NO;
				SDKROOT = iphoneos;
				TARGETED_DEVICE_FAMILY = "1,2";
				VALIDATE_PRODUCT = YES;
			};
			name = Release;
		};
		48533A951CFC32340034951C /* Debug */ = {
			isa = XCBuildConfiguration;
			buildSettings = {
				ASSETCATALOG_COMPILER_APPICON_NAME = AppIcon;
				INFOPLIST_FILE = LCShowAllFont/Info.plist;
				LD_RUNPATH_SEARCH_PATHS = "$(inherited) @executable_path/Frameworks";
				PRODUCT_BUNDLE_IDENTIFIER = com.luanchen.LCShowAllFont;
				PRODUCT_NAME = "$(TARGET_NAME)";
			};
			name = Debug;
		};
		48533A961CFC32340034951C /* Release */ = {
			isa = XCBuildConfiguration;
			buildSettings = {
				ASSETCATALOG_COMPILER_APPICON_NAME = AppIcon;
				INFOPLIST_FILE = LCShowAllFont/Info.plist;
				LD_RUNPATH_SEARCH_PATHS = "$(inherited) @executable_path/Frameworks";
				PRODUCT_BUNDLE_IDENTIFIER = com.luanchen.LCShowAllFont;
				PRODUCT_NAME = "$(TARGET_NAME)";
			};
			name = Release;
		};
/* End XCBuildConfiguration section */

/* Begin XCConfigurationList section */
		48533A781CFC32340034951C /* Build configuration list for PBXProject "LCShowAllFont" */ = {
			isa = XCConfigurationList;
			buildConfigurations = (
				48533A921CFC32340034951C /* Debug */,
				48533A931CFC32340034951C /* Release */,
			);
			defaultConfigurationIsVisible = 0;
			defaultConfigurationName = Release;
		};
		48533A941CFC32340034951C /* Build configuration list for PBXNativeTarget "LCShowAllFont" */ = {
			isa = XCConfigurationList;
			buildConfigurations = (
				48533A951CFC32340034951C /* Debug */,
				48533A961CFC32340034951C /* Release */,
			);
			defaultConfigurationIsVisible = 0;
			defaultConfigurationName = Release;
		};
/* End XCConfigurationList section */
	};
	rootObject = 48533A751CFC32340034951C /* Project object */;
}
